
Microsoft Visual Studio Solution File, Format Version 12.00
# Visual Studio 15
VisualStudioVersion = 15.0.28307.421
MinimumVisualStudioVersion = 10.0.40219.1
Project("{FAE04EC0-301F-11D3-BF4B-00C04F79EFBC}") = "BTL_LTDD.Android", "BTL_LTDD\BTL_LTDD.Android\BTL_LTDD.Android.csproj", "{1E97698C-9E71-423C-9BA5-A3B8197A7620}"
EndProject
Project("{FAE04EC0-301F-11D3-BF4B-00C04F79EFBC}") = "BTL_LTDD.iOS", "BTL_LTDD\BTL_LTDD.iOS\BTL_LTDD.iOS.csproj", "{42DB5057-A2F5-40D8-BA76-1EAEBB40093A}"
EndProject
Project("{FAE04EC0-301F-11D3-BF4B-00C04F79EFBC}") = "BTL_LTDD", "BTL_LTDD\BTL_LTDD\BTL_LTDD.csproj", "{A282029E-BFF7-4DA1-B481-77C65353A453}"
EndProject
Global
	GlobalSection(SolutionConfigurationPlatforms) = preSolution
		Ad-Hoc|Any CPU = Ad-Hoc|Any CPU
		Ad-Hoc|iPhone = Ad-Hoc|iPhone
		Ad-Hoc|iPhoneSimulator = Ad-Hoc|iPhoneSimulator
		AppStore|Any CPU = AppStore|Any CPU
		AppStore|iPhone = AppStore|iPhone
		AppStore|iPhoneSimulator = AppStore|iPhoneSimulator
		Debug|Any CPU = Debug|Any CPU
		Debug|iPhone = Debug|iPhone
		Debug|iPhoneSimulator = Debug|iPhoneSimulator
		Release|Any CPU = Release|Any CPU
		Release|iPhone = Release|iPhone
		Release|iPhoneSimulator = Release|iPhoneSimulator
	EndGlobalSection
	GlobalSection(ProjectConfigurationPlatforms) = postSolution
		{1E97698C-9E71-423C-9BA5-A3B8197A7620}.Ad-Hoc|Any CPU.ActiveCfg = Release|Any CPU
		{1E97698C-9E71-423C-9BA5-A3B8197A7620}.Ad-Hoc|Any CPU.Build.0 = Release|Any CPU
		{1E97698C-9E71-423C-9BA5-A3B8197A7620}.Ad-Hoc|Any CPU.Deploy.0 = Release|Any CPU
		{1E97698C-9E71-423C-9BA5-A3B8197A7620}.Ad-Hoc|iPhone.ActiveCfg = Release|Any CPU
		{1E97698C-9E71-423C-9BA5-A3B8197A7620}.Ad-Hoc|iPhone.Build.0 = Release|Any CPU
		{1E97698C-9E71-423C-9BA5-A3B8197A7620}.Ad-Hoc|iPhone.Deploy.0 = Release|Any CPU
		{1E97698C-9E71-423C-9BA5-A3B8197A7620}.Ad-Hoc|iPhoneSimulator.ActiveCfg = Release|Any CPU
		{1E97698C-9E71-423C-9BA5-A3B8197A7620}.Ad-Hoc|iPhoneSimulator.Build.0 = Release|Any CPU
		{1E97698C-9E71-423C-9BA5-A3B8197A7620}.Ad-Hoc|iPhoneSimulator.Deploy.0 = Release|Any CPU
		{1E97698C-9E71-423C-9BA5-A3B8197A7620}.AppStore|Any CPU.ActiveCfg = Release|Any CPU
		{1E97698C-9E71-423C-9BA5-A3B8197A7620}.AppStore|Any CPU.Build.0 = Release|Any CPU
		{1E97698C-9E71-423C-9BA5-A3B8197A7620}.AppStore|Any CPU.Deploy.0 = Release|Any CPU
		{1E97698C-9E71-423C-9BA5-A3B8197A7620}.AppStore|iPhone.ActiveCfg = Release|Any CPU
		{1E97698C-9E71-423C-9BA5-A3B8197A7620}.AppStore|iPhone.Build.0 = Release|Any CPU
		{1E97698C-9E71-423C-9BA5-A3B8197A7620}.AppStore|iPhone.Deploy.0 = Release|Any CPU
		{1E97698C-9E71-423C-9BA5-A3B8197A7620}.AppStore|iPhoneSimulator.ActiveCfg = Release|Any CPU
		{1E97698C-9E71-423C-9BA5-A3B8197A7620}.AppStore|iPhoneSimulator.Build.0 = Release|Any CPU
		{1E97698C-9E71-423C-9BA5-A3B8197A7620}.AppStore|iPhoneSimulator.Deploy.0 = Release|Any CPU
		{1E97698C-9E71-423C-9BA5-A3B8197A7620}.Debug|Any CPU.ActiveCfg = Debug|Any CPU
		{1E97698C-9E71-423C-9BA5-A3B8197A7620}.Debug|Any CPU.Build.0 = Debug|Any CPU
		{1E97698C-9E71-423C-9BA5-A3B8197A7620}.Debug|Any CPU.Deploy.0 = Debug|Any CPU
		{1E97698C-9E71-423C-9BA5-A3B8197A7620}.Debug|iPhone.ActiveCfg = Debug|Any CPU
		{1E97698C-9E71-423C-9BA5-A3B8197A7620}.Debug|iPhone.Build.0 = Debug|Any CPU
		{1E97698C-9E71-423C-9BA5-A3B8197A7620}.Debug|iPhone.Deploy.0 = Debug|Any CPU
		{1E97698C-9E71-423C-9BA5-A3B8197A7620}.Debug|iPhoneSimulator.ActiveCfg = Debug|Any CPU
		{1E97698C-9E71-423C-9BA5-A3B8197A7620}.Debug|iPhoneSimulator.Build.0 = Debug|Any CPU
		{1E97698C-9E71-423C-9BA5-A3B8197A7620}.Debug|iPhoneSimulator.Deploy.0 = Debug|Any CPU
		{1E97698C-9E71-423C-9BA5-A3B8197A7620}.Release|Any CPU.ActiveCfg = Release|Any CPU
		{1E97698C-9E71-423C-9BA5-A3B8197A7620}.Release|Any CPU.Build.0 = Release|Any CPU
		{1E97698C-9E71-423C-9BA5-A3B8197A7620}.Release|Any CPU.Deploy.0 = Release|Any CPU
		{1E97698C-9E71-423C-9BA5-A3B8197A7620}.Release|iPhone.ActiveCfg = Release|Any CPU
		{1E97698C-9E71-423C-9BA5-A3B8197A7620}.Release|iPhone.Build.0 = Release|Any CPU
		{1E97698C-9E71-423C-9BA5-A3B8197A7620}.Release|iPhone.Deploy.0 = Release|Any CPU
		{1E97698C-9E71-423C-9BA5-A3B8197A7620}.Release|iPhoneSimulator.ActiveCfg = Release|Any CPU
		{1E97698C-9E71-423C-9BA5-A3B8197A7620}.Release|iPhoneSimulator.Build.0 = Release|Any CPU
		{1E97698C-9E71-423C-9BA5-A3B8197A7620}.Release|iPhoneSimulator.Deploy.0 = Release|Any CPU
		{42DB5057-A2F5-40D8-BA76-1EAEBB40093A}.Ad-Hoc|Any CPU.ActiveCfg = Ad-Hoc|iPhone
		{42DB5057-A2F5-40D8-BA76-1EAEBB40093A}.Ad-Hoc|Any CPU.Build.0 = Ad-Hoc|iPhone
		{42DB5057-A2F5-40D8-BA76-1EAEBB40093A}.Ad-Hoc|Any CPU.Deploy.0 = Ad-Hoc|iPhone
		{42DB5057-A2F5-40D8-BA76-1EAEBB40093A}.Ad-Hoc|iPhone.ActiveCfg = Ad-Hoc|iPhone
		{42DB5057-A2F5-40D8-BA76-1EAEBB40093A}.Ad-Hoc|iPhone.Build.0 = Ad-Hoc|iPhone
		{42DB5057-A2F5-40D8-BA76-1EAEBB40093A}.Ad-Hoc|iPhone.Deploy.0 = Ad-Hoc|iPhone
		{42DB5057-A2F5-40D8-BA76-1EAEBB40093A}.Ad-Hoc|iPhoneSimulator.ActiveCfg = Ad-Hoc|iPhoneSimulator
		{42DB5057-A2F5-40D8-BA76-1EAEBB40093A}.Ad-Hoc|iPhoneSimulator.Build.0 = Ad-Hoc|iPhoneSimulator
		{42DB5057-A2F5-40D8-BA76-1EAEBB40093A}.Ad-Hoc|iPhoneSimulator.Deploy.0 = Ad-Hoc|iPhoneSimulator
		{42DB5057-A2F5-40D8-BA76-1EAEBB40093A}.AppStore|Any CPU.ActiveCfg = AppStore|iPhone
		{42DB5057-A2F5-40D8-BA76-1EAEBB40093A}.AppStore|Any CPU.Build.0 = AppStore|iPhone
		{42DB5057-A2F5-40D8-BA76-1EAEBB40093A}.AppStore|Any CPU.Deploy.0 = AppStore|iPhone
		{42DB5057-A2F5-40D8-BA76-1EAEBB40093A}.AppStore|iPhone.ActiveCfg = AppStore|iPhone
		{42DB5057-A2F5-40D8-BA76-1EAEBB40093A}.AppStore|iPhone.Build.0 = AppStore|iPhone
		{42DB5057-A2F5-40D8-BA76-1EAEBB40093A}.AppStore|iPhone.Deploy.0 = AppStore|iPhone
		{42DB5057-A2F5-40D8-BA76-1EAEBB40093A}.AppStore|iPhoneSimulator.ActiveCfg = AppStore|iPhoneSimulator
		{42DB5057-A2F5-40D8-BA76-1EAEBB40093A}.AppStore|iPhoneSimulator.Build.0 = AppStore|iPhoneSimulator
		{42DB5057-A2F5-40D8-BA76-1EAEBB40093A}.AppStore|iPhoneSimulator.Deploy.0 = AppStore|iPhoneSimulator
		{42DB5057-A2F5-40D8-BA76-1EAEBB40093A}.Debug|Any CPU.ActiveCfg = Debug|iPhoneSimulator
		{42DB5057-A2F5-40D8-BA76-1EAEBB40093A}.Debug|Any CPU.Build.0 = Debug|iPhoneSimulator
		{42DB5057-A2F5-40D8-BA76-1EAEBB40093A}.Debug|Any CPU.Deploy.0 = Debug|iPhoneSimulator
		{42DB5057-A2F5-40D8-BA76-1EAEBB40093A}.Debug|iPhone.ActiveCfg = Debug|iPhone
		{42DB5057-A2F5-40D8-BA76-1EAEBB40093A}.Debug|iPhone.Build.0 = Debug|iPhone
		{42DB5057-A2F5-40D8-BA76-1EAEBB40093A}.Debug|iPhone.Deploy.0 = Debug|iPhone
		{42DB5057-A2F5-40D8-BA76-1EAEBB40093A}.Debug|iPhoneSimulator.ActiveCfg = Debug|iPhoneSimulator
		{42DB5057-A2F5-40D8-BA76-1EAEBB40093A}.Debug|iPhoneSimulator.Build.0 = Debug|iPhoneSimulator
		{42DB5057-A2F5-40D8-BA76-1EAEBB40093A}.Debug|iPhoneSimulator.Deploy.0 = Debug|iPhoneSimulator
		{42DB5057-A2F5-40D8-BA76-1EAEBB40093A}.Release|Any CPU.ActiveCfg = Release|iPhone
		{42DB5057-A2F5-40D8-BA76-1EAEBB40093A}.Release|Any CPU.Build.0 = Release|iPhone
		{42DB5057-A2F5-40D8-BA76-1EAEBB40093A}.Release|Any CPU.Deploy.0 = Release|iPhone
		{42DB5057-A2F5-40D8-BA76-1EAEBB40093A}.Release|iPhone.ActiveCfg = Release|iPhone
		{42DB5057-A2F5-40D8-BA76-1EAEBB40093A}.Release|iPhone.Build.0 = Release|iPhone
		{42DB5057-A2F5-40D8-BA76-1EAEBB40093A}.Release|iPhone.Deploy.0 = Release|iPhone
		{42DB5057-A2F5-40D8-BA76-1EAEBB40093A}.Release|iPhoneSimulator.ActiveCfg = Release|iPhoneSimulator
		{42DB5057-A2F5-40D8-BA76-1EAEBB40093A}.Release|iPhoneSimulator.Build.0 = Release|iPhoneSimulator
		{42DB5057-A2F5-40D8-BA76-1EAEBB40093A}.Release|iPhoneSimulator.Deploy.0 = Release|iPhoneSimulator
		{A282029E-BFF7-4DA1-B481-77C65353A453}.Ad-Hoc|Any CPU.ActiveCfg = Debug|Any CPU
		{A282029E-BFF7-4DA1-B481-77C65353A453}.Ad-Hoc|Any CPU.Build.0 = Debug|Any CPU
		{A282029E-BFF7-4DA1-B481-77C65353A453}.Ad-Hoc|Any CPU.Deploy.0 = Debug|Any CPU
		{A282029E-BFF7-4DA1-B481-77C65353A453}.Ad-Hoc|iPhone.ActiveCfg = Debug|Any CPU
		{A282029E-BFF7-4DA1-B481-77C65353A453}.Ad-Hoc|iPhone.Build.0 = Debug|Any CPU
		{A282029E-BFF7-4DA1-B481-77C65353A453}.Ad-Hoc|iPhone.Deploy.0 = Debug|Any CPU
		{A282029E-BFF7-4DA1-B481-77C65353A453}.Ad-Hoc|iPhoneSimulator.ActiveCfg = Debug|Any CPU
		{A282029E-BFF7-4DA1-B481-77C65353A453}.Ad-Hoc|iPhoneSimulator.Build.0 = Debug|Any CPU
		{A282029E-BFF7-4DA1-B481-77C65353A453}.Ad-Hoc|iPhoneSimulator.Deploy.0 = Debug|Any CPU
		{A282029E-BFF7-4DA1-B481-77C65353A453}.AppStore|Any CPU.ActiveCfg = Debug|Any CPU
		{A282029E-BFF7-4DA1-B481-77C65353A453}.AppStore|Any CPU.Build.0 = Debug|Any CPU
		{A282029E-BFF7-4DA1-B481-77C65353A453}.AppStore|Any CPU.Deploy.0 = Debug|Any CPU
		{A282029E-BFF7-4DA1-B481-77C65353A453}.AppStore|iPhone.ActiveCfg = Debug|Any CPU
		{A282029E-BFF7-4DA1-B481-77C65353A453}.AppStore|iPhone.Build.0 = Debug|Any CPU
		{A282029E-BFF7-4DA1-B481-77C65353A453}.AppStore|iPhone.Deploy.0 = Debug|Any CPU
		{A282029E-BFF7-4DA1-B481-77C65353A453}.AppStore|iPhoneSimulator.ActiveCfg = Debug|Any CPU
		{A282029E-BFF7-4DA1-B481-77C65353A453}.AppStore|iPhoneSimulator.Build.0 = Debug|Any CPU
		{A282029E-BFF7-4DA1-B481-77C65353A453}.AppStore|iPhoneSimulator.Deploy.0 = Debug|Any CPU
		{A282029E-BFF7-4DA1-B481-77C65353A453}.Debug|Any CPU.ActiveCfg = Debug|Any CPU
		{A282029E-BFF7-4DA1-B481-77C65353A453}.Debug|Any CPU.Build.0 = Debug|Any CPU
		{A282029E-BFF7-4DA1-B481-77C65353A453}.Debug|Any CPU.Deploy.0 = Debug|Any CPU
		{A282029E-BFF7-4DA1-B481-77C65353A453}.Debug|iPhone.ActiveCfg = Debug|Any CPU
		{A282029E-BFF7-4DA1-B481-77C65353A453}.Debug|iPhone.Build.0 = Debug|Any CPU
		{A282029E-BFF7-4DA1-B481-77C65353A453}.Debug|iPhone.Deploy.0 = Debug|Any CPU
		{A282029E-BFF7-4DA1-B481-77C65353A453}.Debug|iPhoneSimulator.ActiveCfg = Debug|Any CPU
		{A282029E-BFF7-4DA1-B481-77C65353A453}.Debug|iPhoneSimulator.Build.0 = Debug|Any CPU
		{A282029E-BFF7-4DA1-B481-77C65353A453}.Debug|iPhoneSimulator.Deploy.0 = Debug|Any CPU
		{A282029E-BFF7-4DA1-B481-77C65353A453}.Release|Any CPU.ActiveCfg = Release|Any CPU
		{A282029E-BFF7-4DA1-B481-77C65353A453}.Release|Any CPU.Build.0 = Release|Any CPU
		{A282029E-BFF7-4DA1-B481-77C65353A453}.Release|Any CPU.Deploy.0 = Release|Any CPU
		{A282029E-BFF7-4DA1-B481-77C65353A453}.Release|iPhone.ActiveCfg = Release|Any CPU
		{A282029E-BFF7-4DA1-B481-77C65353A453}.Release|iPhone.Build.0 = Release|Any CPU
		{A282029E-BFF7-4DA1-B481-77C65353A453}.Release|iPhone.Deploy.0 = Release|Any CPU
		{A282029E-BFF7-4DA1-B481-77C65353A453}.Release|iPhoneSimulator.ActiveCfg = Release|Any CPU
		{A282029E-BFF7-4DA1-B481-77C65353A453}.Release|iPhoneSimulator.Build.0 = Release|Any CPU
		{A282029E-BFF7-4DA1-B481-77C65353A453}.Release|iPhoneSimulator.Deploy.0 = Release|Any CPU
	EndGlobalSection
	GlobalSection(SolutionProperties) = preSolution
		HideSolutionNode = FALSE
	EndGlobalSection
	GlobalSection(ExtensibilityGlobals) = postSolution
		SolutionGuid = {B8E3B6F4-1BD0-43E2-A232-034ED57987B0}
	EndGlobalSection
EndGlobal
